// !$*UTF8*$!
{
	archiveVersion = 1;
	classes = {
	};
	objectVersion = 77;
	objects = {

/* Begin PBXBuildFile section */
		86F687BE2DD355E50013ED8D /* CardApp.swift in Sources */ = {isa = PBXBuildFile; fileRef = 86F687BB2DD355E50013ED8D /* CardApp.swift */; };
		86F687C02DD355E50013ED8D /* Preview Assets.xcassets in Resources */ = {isa = PBXBuildFile; fileRef = 86F687B82DD355E50013ED8D /* Preview Assets.xcassets */; };
		86F687C12DD355E50013ED8D /* Assets.xcassets in Resources */ = {isa = PBXBuildFile; fileRef = 86F687BA2DD355E50013ED8D /* Assets.xcassets */; };
/* End PBXBuildFile section */

/* Begin PBXFileReference section */
		86F687A52DD355D90013ED8D /* Card.app */ = {isa = PBXFileReference; explicitFileType = wrapper.application; includeInIndex = 0; path = Card.app; sourceTree = BUILT_PRODUCTS_DIR; };
		86F687B82DD355E50013ED8D /* Preview Assets.xcassets */ = {isa = PBXFileReference; lastKnownFileType = folder.assetcatalog; path = "Preview Assets.xcassets"; sourceTree = "<group>"; };
		86F687BA2DD355E50013ED8D /* Assets.xcassets */ = {isa = PBXFileReference; lastKnownFileType = folder.assetcatalog; path = Assets.xcassets; sourceTree = "<group>"; };
		86F687BB2DD355E50013ED8D /* CardApp.swift */ = {isa = PBXFileReference; lastKnownFileType = sourcecode.swift; path = CardApp.swift; sourceTree = "<group>"; };
		86F687CE2DD35FB30013ED8D /* Info.plist */ = {isa = PBXFileReference; lastKnownFileType = text.plist.xml; path = Info.plist; sourceTree = "<group>"; };
/* End PBXFileReference section */

/* Begin PBXFileSystemSynchronizedRootGroup section */
		869FB6F52DD79C8500AE5254 /* Managers */ = {
			isa = PBXFileSystemSynchronizedRootGroup;
			path = Managers;
			sourceTree = "<group>";
		};
		86B41ADE2DD3CE5B003B6888 /* CardShopHintModule */ = {
			isa = PBXFileSystemSynchronizedRootGroup;
			path = CardShopHintModule;
			sourceTree = "<group>";
		};
		86B41AE52DD3D1BF003B6888 /* CardShopUndoModule */ = {
			isa = PBXFileSystemSynchronizedRootGroup;
			path = CardShopUndoModule;
			sourceTree = "<group>";
		};
		86B41AEC2DD3D268003B6888 /* CardInfoModule */ = {
			isa = PBXFileSystemSynchronizedRootGroup;
			path = CardInfoModule;
			sourceTree = "<group>";
		};
		86B41BE62DD3DAC7003B6888 /* CardDailyModule */ = {
			isa = PBXFileSystemSynchronizedRootGroup;
			path = CardDailyModule;
			sourceTree = "<group>";
		};
		86B41BED2DD3DD97003B6888 /* CardWinModule */ = {
			isa = PBXFileSystemSynchronizedRootGroup;
			path = CardWinModule;
			sourceTree = "<group>";
		};
		86B41BF42DD3DDEF003B6888 /* CardLoseModule */ = {
			isa = PBXFileSystemSynchronizedRootGroup;
			path = CardLoseModule;
			sourceTree = "<group>";
		};
		86B41BFB2DD3DE54003B6888 /* CardPauseModule */ = {
			isa = PBXFileSystemSynchronizedRootGroup;
			path = CardPauseModule;
			sourceTree = "<group>";
		};
		86B41C022DD3E0C6003B6888 /* CardSpiderGameModule */ = {
			isa = PBXFileSystemSynchronizedRootGroup;
			path = CardSpiderGameModule;
			sourceTree = "<group>";
		};
		86E14D8E2DD52444004113E9 /* CardAgnesGameModule */ = {
			isa = PBXFileSystemSynchronizedRootGroup;
			path = CardAgnesGameModule;
			sourceTree = "<group>";
		};
		86EFC7292DD6294300EDBE94 /* CardCarpetGameModule */ = {
			isa = PBXFileSystemSynchronizedRootGroup;
			path = CardCarpetGameModule;
			sourceTree = "<group>";
		};
		86F687C22DD355EB0013ED8D /* CardCustomButtons */ = {
			isa = PBXFileSystemSynchronizedRootGroup;
			path = CardCustomButtons;
			sourceTree = "<group>";
		};
		86F687C82DD356140013ED8D /* CardFonts */ = {
			isa = PBXFileSystemSynchronizedRootGroup;
			path = CardFonts;
			sourceTree = "<group>";
		};
		86F687C92DD3561A0013ED8D /* CardExtension */ = {
			isa = PBXFileSystemSynchronizedRootGroup;
			path = CardExtension;
			sourceTree = "<group>";
		};
		86F688C62DD361EF0013ED8D /* CardLoadingModule */ = {
			isa = PBXFileSystemSynchronizedRootGroup;
			path = CardLoadingModule;
			sourceTree = "<group>";
		};
		86F6893F2DD3664C0013ED8D /* CardMenuModule */ = {
			isa = PBXFileSystemSynchronizedRootGroup;
			path = CardMenuModule;
			sourceTree = "<group>";
		};
		86F68B1F2DD37A210013ED8D /* CardShopModule */ = {
			isa = PBXFileSystemSynchronizedRootGroup;
			path = CardShopModule;
			sourceTree = "<group>";
		};
/* End PBXFileSystemSynchronizedRootGroup section */

/* Begin PBXFrameworksBuildPhase section */
		86F687A22DD355D90013ED8D /* Frameworks */ = {
			isa = PBXFrameworksBuildPhase;
			buildActionMask = 2147483647;
			files = (
			);
			runOnlyForDeploymentPostprocessing = 0;
		};
/* End PBXFrameworksBuildPhase section */

/* Begin PBXGroup section */
		86F6879C2DD355D90013ED8D = {
			isa = PBXGroup;
			children = (
				86F687BD2DD355E50013ED8D /* Card */,
				86F687A62DD355D90013ED8D /* Products */,
			);
			sourceTree = "<group>";
		};
		86F687A62DD355D90013ED8D /* Products */ = {
			isa = PBXGroup;
			children = (
				86F687A52DD355D90013ED8D /* Card.app */,
			);
			name = Products;
			sourceTree = "<group>";
		};
		86F687B72DD355E50013ED8D /* CardHelpers */ = {
			isa = PBXGroup;
			children = (
				86F687C82DD356140013ED8D /* CardFonts */,
				86F687C22DD355EB0013ED8D /* CardCustomButtons */,
			);
			path = CardHelpers;
			sourceTree = "<group>";
		};
		86F687B92DD355E50013ED8D /* Preview Content */ = {
			isa = PBXGroup;
			children = (
				86F687B82DD355E50013ED8D /* Preview Assets.xcassets */,
			);
			path = "Preview Content";
			sourceTree = "<group>";
		};
		86F687BD2DD355E50013ED8D /* Card */ = {
			isa = PBXGroup;
			children = (
				869FB6F52DD79C8500AE5254 /* Managers */,
				86EFC7292DD6294300EDBE94 /* CardCarpetGameModule */,
				86E14D8E2DD52444004113E9 /* CardAgnesGameModule */,
				86B41C022DD3E0C6003B6888 /* CardSpiderGameModule */,
				86B41BFB2DD3DE54003B6888 /* CardPauseModule */,
				86B41BF42DD3DDEF003B6888 /* CardLoseModule */,
				86B41BED2DD3DD97003B6888 /* CardWinModule */,
				86B41BE62DD3DAC7003B6888 /* CardDailyModule */,
				86B41AEC2DD3D268003B6888 /* CardInfoModule */,
				86B41AE52DD3D1BF003B6888 /* CardShopUndoModule */,
				86B41ADE2DD3CE5B003B6888 /* CardShopHintModule */,
				86F68B1F2DD37A210013ED8D /* CardShopModule */,
				86F6893F2DD3664C0013ED8D /* CardMenuModule */,
				86F688C62DD361EF0013ED8D /* CardLoadingModule */,
				86F687C92DD3561A0013ED8D /* CardExtension */,
				86F687B72DD355E50013ED8D /* CardHelpers */,
				86F687B92DD355E50013ED8D /* Preview Content */,
				86F687BA2DD355E50013ED8D /* Assets.xcassets */,
				86F687BB2DD355E50013ED8D /* CardApp.swift */,
				86F687CE2DD35FB30013ED8D /* Info.plist */,
			);
			path = Card;
			sourceTree = "<group>";
		};
/* End PBXGroup section */

/* Begin PBXNativeTarget section */
		86F687A42DD355D90013ED8D /* Card */ = {
			isa = PBXNativeTarget;
			buildConfigurationList = 86F687B32DD355DB0013ED8D /* Build configuration list for PBXNativeTarget "Card" */;
			buildPhases = (
				86F687A12DD355D90013ED8D /* Sources */,
				86F687A22DD355D90013ED8D /* Frameworks */,
				86F687A32DD355D90013ED8D /* Resources */,
			);
			buildRules = (
			);
			dependencies = (
			);
			fileSystemSynchronizedGroups = (
				869FB6F52DD79C8500AE5254 /* Managers */,
				86B41ADE2DD3CE5B003B6888 /* CardShopHintModule */,
				86B41AE52DD3D1BF003B6888 /* CardShopUndoModule */,
				86B41AEC2DD3D268003B6888 /* CardInfoModule */,
				86B41BE62DD3DAC7003B6888 /* CardDailyModule */,
				86B41BED2DD3DD97003B6888 /* CardWinModule */,
				86B41BF42DD3DDEF003B6888 /* CardLoseModule */,
				86B41BFB2DD3DE54003B6888 /* CardPauseModule */,
				86B41C022DD3E0C6003B6888 /* CardSpiderGameModule */,
				86E14D8E2DD52444004113E9 /* CardAgnesGameModule */,
				86EFC7292DD6294300EDBE94 /* CardCarpetGameModule */,
				86F687C22DD355EB0013ED8D /* CardCustomButtons */,
				86F687C82DD356140013ED8D /* CardFonts */,
				86F687C92DD3561A0013ED8D /* CardExtension */,
				86F688C62DD361EF0013ED8D /* CardLoadingModule */,
				86F6893F2DD3664C0013ED8D /* CardMenuModule */,
				86F68B1F2DD37A210013ED8D /* CardShopModule */,
			);
			name = Card;
			packageProductDependencies = (
			);
			productName = Card;
			productReference = 86F687A52DD355D90013ED8D /* Card.app */;
			productType = "com.apple.product-type.application";
		};
/* End PBXNativeTarget section */

/* Begin PBXProject section */
		86F6879D2DD355D90013ED8D /* Project object */ = {
			isa = PBXProject;
			attributes = {
				BuildIndependentTargetsInParallel = 1;
				LastSwiftUpdateCheck = 1620;
				LastUpgradeCheck = 1620;
				TargetAttributes = {
					86F687A42DD355D90013ED8D = {
						CreatedOnToolsVersion = 16.2;
					};
				};
			};
			buildConfigurationList = 86F687A02DD355D90013ED8D /* Build configuration list for PBXProject "Card" */;
			developmentRegion = en;
			hasScannedForEncodings = 0;
			knownRegions = (
				en,
				Base,
			);
			mainGroup = 86F6879C2DD355D90013ED8D;
			minimizedProjectReferenceProxies = 1;
			preferredProjectObjectVersion = 77;
			productRefGroup = 86F687A62DD355D90013ED8D /* Products */;
			projectDirPath = "";
			projectRoot = "";
			targets = (
				86F687A42DD355D90013ED8D /* Card */,
			);
		};
/* End PBXProject section */

/* Begin PBXResourcesBuildPhase section */
		86F687A32DD355D90013ED8D /* Resources */ = {
			isa = PBXResourcesBuildPhase;
			buildActionMask = 2147483647;
			files = (
				86F687C02DD355E50013ED8D /* Preview Assets.xcassets in Resources */,
				86F687C12DD355E50013ED8D /* Assets.xcassets in Resources */,
			);
			runOnlyForDeploymentPostprocessing = 0;
		};
/* End PBXResourcesBuildPhase section */

/* Begin PBXSourcesBuildPhase section */
		86F687A12DD355D90013ED8D /* Sources */ = {
			isa = PBXSourcesBuildPhase;
			buildActionMask = 2147483647;
			files = (
				86F687BE2DD355E50013ED8D /* CardApp.swift in Sources */,
			);
			runOnlyForDeploymentPostprocessing = 0;
		};
/* End PBXSourcesBuildPhase section */

/* Begin XCBuildConfiguration section */
		86F687B12DD355DB0013ED8D /* Debug */ = {
			isa = XCBuildConfiguration;
			buildSettings = {
				ALWAYS_SEARCH_USER_PATHS = NO;
				ASSETCATALOG_COMPILER_GENERATE_SWIFT_ASSET_SYMBOL_EXTENSIONS = YES;
				CLANG_ANALYZER_NONNULL = YES;
				CLANG_ANALYZER_NUMBER_OBJECT_CONVERSION = YES_AGGRESSIVE;
				CLANG_CXX_LANGUAGE_STANDARD = "gnu++20";
				CLANG_ENABLE_MODULES = YES;
				CLANG_ENABLE_OBJC_ARC = YES;
				CLANG_ENABLE_OBJC_WEAK = YES;
				CLANG_WARN_BLOCK_CAPTURE_AUTORELEASING = YES;
				CLANG_WARN_BOOL_CONVERSION = YES;
				CLANG_WARN_COMMA = YES;
				CLANG_WARN_CONSTANT_CONVERSION = YES;
				CLANG_WARN_DEPRECATED_OBJC_IMPLEMENTATIONS = YES;
				CLANG_WARN_DIRECT_OBJC_ISA_USAGE = YES_ERROR;
				CLANG_WARN_DOCUMENTATION_COMMENTS = YES;
				CLANG_WARN_EMPTY_BODY = YES;
				CLANG_WARN_ENUM_CONVERSION = YES;
				CLANG_WARN_INFINITE_RECURSION = YES;
				CLANG_WARN_INT_CONVERSION = YES;
				CLANG_WARN_NON_LITERAL_NULL_CONVERSION = YES;
				CLANG_WARN_OBJC_IMPLICIT_RETAIN_SELF = YES;
				CLANG_WARN_OBJC_LITERAL_CONVERSION = YES;
				CLANG_WARN_OBJC_ROOT_CLASS = YES_ERROR;
				CLANG_WARN_QUOTED_INCLUDE_IN_FRAMEWORK_HEADER = YES;
				CLANG_WARN_RANGE_LOOP_ANALYSIS = YES;
				CLANG_WARN_STRICT_PROTOTYPES = YES;
				CLANG_WARN_SUSPICIOUS_MOVE = YES;
				CLANG_WARN_UNGUARDED_AVAILABILITY = YES_AGGRESSIVE;
				CLANG_WARN_UNREACHABLE_CODE = YES;
				CLANG_WARN__DUPLICATE_METHOD_MATCH = YES;
				COPY_PHASE_STRIP = NO;
				DEBUG_INFORMATION_FORMAT = dwarf;
				ENABLE_STRICT_OBJC_MSGSEND = YES;
				ENABLE_TESTABILITY = YES;
				ENABLE_USER_SCRIPT_SANDBOXING = YES;
				GCC_C_LANGUAGE_STANDARD = gnu17;
				GCC_DYNAMIC_NO_PIC = NO;
				GCC_NO_COMMON_BLOCKS = YES;
				GCC_OPTIMIZATION_LEVEL = 0;
				GCC_PREPROCESSOR_DEFINITIONS = (
					"DEBUG=1",
					"$(inherited)",
				);
				GCC_WARN_64_TO_32_BIT_CONVERSION = YES;
				GCC_WARN_ABOUT_RETURN_TYPE = YES_ERROR;
				GCC_WARN_UNDECLARED_SELECTOR = YES;
				GCC_WARN_UNINITIALIZED_AUTOS = YES_AGGRESSIVE;
				GCC_WARN_UNUSED_FUNCTION = YES;
				GCC_WARN_UNUSED_VARIABLE = YES;
				IPHONEOS_DEPLOYMENT_TARGET = 18.2;
				LOCALIZATION_PREFERS_STRING_CATALOGS = YES;
				MTL_ENABLE_DEBUG_INFO = INCLUDE_SOURCE;
				MTL_FAST_MATH = YES;
				ONLY_ACTIVE_ARCH = YES;
				SDKROOT = iphoneos;
				SWIFT_ACTIVE_COMPILATION_CONDITIONS = "DEBUG $(inherited)";
				SWIFT_OPTIMIZATION_LEVEL = "-Onone";
			};
			name = Debug;
		};
		86F687B22DD355DB0013ED8D /* Release */ = {
			isa = XCBuildConfiguration;
			buildSettings = {
				ALWAYS_SEARCH_USER_PATHS = NO;
				ASSETCATALOG_COMPILER_GENERATE_SWIFT_ASSET_SYMBOL_EXTENSIONS = YES;
				CLANG_ANALYZER_NONNULL = YES;
				CLANG_ANALYZER_NUMBER_OBJECT_CONVERSION = YES_AGGRESSIVE;
				CLANG_CXX_LANGUAGE_STANDARD = "gnu++20";
				CLANG_ENABLE_MODULES = YES;
				CLANG_ENABLE_OBJC_ARC = YES;
				CLANG_ENABLE_OBJC_WEAK = YES;
				CLANG_WARN_BLOCK_CAPTURE_AUTORELEASING = YES;
				CLANG_WARN_BOOL_CONVERSION = YES;
				CLANG_WARN_COMMA = YES;
				CLANG_WARN_CONSTANT_CONVERSION = YES;
				CLANG_WARN_DEPRECATED_OBJC_IMPLEMENTATIONS = YES;
				CLANG_WARN_DIRECT_OBJC_ISA_USAGE = YES_ERROR;
				CLANG_WARN_DOCUMENTATION_COMMENTS = YES;
				CLANG_WARN_EMPTY_BODY = YES;
				CLANG_WARN_ENUM_CONVERSION = YES;
				CLANG_WARN_INFINITE_RECURSION = YES;
				CLANG_WARN_INT_CONVERSION = YES;
				CLANG_WARN_NON_LITERAL_NULL_CONVERSION = YES;
				CLANG_WARN_OBJC_IMPLICIT_RETAIN_SELF = YES;
				CLANG_WARN_OBJC_LITERAL_CONVERSION = YES;
				CLANG_WARN_OBJC_ROOT_CLASS = YES_ERROR;
				CLANG_WARN_QUOTED_INCLUDE_IN_FRAMEWORK_HEADER = YES;
				CLANG_WARN_RANGE_LOOP_ANALYSIS = YES;
				CLANG_WARN_STRICT_PROTOTYPES = YES;
				CLANG_WARN_SUSPICIOUS_MOVE = YES;
				CLANG_WARN_UNGUARDED_AVAILABILITY = YES_AGGRESSIVE;
				CLANG_WARN_UNREACHABLE_CODE = YES;
				CLANG_WARN__DUPLICATE_METHOD_MATCH = YES;
				COPY_PHASE_STRIP = NO;
				DEBUG_INFORMATION_FORMAT = "dwarf-with-dsym";
				ENABLE_NS_ASSERTIONS = NO;
				ENABLE_STRICT_OBJC_MSGSEND = YES;
				ENABLE_USER_SCRIPT_SANDBOXING = YES;
				GCC_C_LANGUAGE_STANDARD = gnu17;
				GCC_NO_COMMON_BLOCKS = YES;
				GCC_WARN_64_TO_32_BIT_CONVERSION = YES;
				GCC_WARN_ABOUT_RETURN_TYPE = YES_ERROR;
				GCC_WARN_UNDECLARED_SELECTOR = YES;
				GCC_WARN_UNINITIALIZED_AUTOS = YES_AGGRESSIVE;
				GCC_WARN_UNUSED_FUNCTION = YES;
				GCC_WARN_UNUSED_VARIABLE = YES;
				IPHONEOS_DEPLOYMENT_TARGET = 18.2;
				LOCALIZATION_PREFERS_STRING_CATALOGS = YES;
				MTL_ENABLE_DEBUG_INFO = NO;
				MTL_FAST_MATH = YES;
				SDKROOT = iphoneos;
				SWIFT_COMPILATION_MODE = wholemodule;
				VALIDATE_PRODUCT = YES;
			};
			name = Release;
		};
		86F687B42DD355DB0013ED8D /* Debug */ = {
			isa = XCBuildConfiguration;
			buildSettings = {
				ASSETCATALOG_COMPILER_APPICON_NAME = AppIcon;
				ASSETCATALOG_COMPILER_GLOBAL_ACCENT_COLOR_NAME = AccentColor;
				CODE_SIGN_STYLE = Automatic;
				CURRENT_PROJECT_VERSION = 1;
				DEVELOPMENT_ASSET_PATHS = "\"Card/Preview Content\"";
				DEVELOPMENT_TEAM = 59WWFG63NN;
				ENABLE_PREVIEWS = YES;
				GENERATE_INFOPLIST_FILE = YES;
				INFOPLIST_FILE = Card/Info.plist;
				INFOPLIST_KEY_UIApplicationSceneManifest_Generation = YES;
				INFOPLIST_KEY_UIApplicationSupportsIndirectInputEvents = YES;
				INFOPLIST_KEY_UILaunchScreen_Generation = YES;
				INFOPLIST_KEY_UISupportedInterfaceOrientations = "UIInterfaceOrientationLandscapeLeft UIInterfaceOrientationLandscapeRight";
				IPHONEOS_DEPLOYMENT_TARGET = 16.6;
				LD_RUNPATH_SEARCH_PATHS = (
					"$(inherited)",
					"@executable_path/Frameworks",
				);
				MARKETING_VERSION = 1.0;
				PRODUCT_BUNDLE_IDENTIFIER = com.keshevv.Card;
				PRODUCT_NAME = "$(TARGET_NAME)";
				SWIFT_EMIT_LOC_STRINGS = YES;
				SWIFT_VERSION = 5.0;
				TARGETED_DEVICE_FAMILY = "1,2";
			};
			name = Debug;
		};
		86F687B52DD355DB0013ED8D /* Release */ = {
			isa = XCBuildConfiguration;
			buildSettings = {
				ASSETCATALOG_COMPILER_APPICON_NAME = AppIcon;
				ASSETCATALOG_COMPILER_GLOBAL_ACCENT_COLOR_NAME = AccentColor;
				CODE_SIGN_STYLE = Automatic;
				CURRENT_PROJECT_VERSION = 1;
				DEVELOPMENT_ASSET_PATHS = "\"Card/Preview Content\"";
				DEVELOPMENT_TEAM = 59WWFG63NN;
				ENABLE_PREVIEWS = YES;
				GENERATE_INFOPLIST_FILE = YES;
				INFOPLIST_FILE = Card/Info.plist;
				INFOPLIST_KEY_UIApplicationSceneManifest_Generation = YES;
				INFOPLIST_KEY_UIApplicationSupportsIndirectInputEvents = YES;
				INFOPLIST_KEY_UILaunchScreen_Generation = YES;
				INFOPLIST_KEY_UISupportedInterfaceOrientations = "UIInterfaceOrientationLandscapeLeft UIInterfaceOrientationLandscapeRight";
				IPHONEOS_DEPLOYMENT_TARGET = 16.6;
				LD_RUNPATH_SEARCH_PATHS = (
					"$(inherited)",
					"@executable_path/Frameworks",
				);
				MARKETING_VERSION = 1.0;
				PRODUCT_BUNDLE_IDENTIFIER = com.keshevv.Card;
				PRODUCT_NAME = "$(TARGET_NAME)";
				SWIFT_EMIT_LOC_STRINGS = YES;
				SWIFT_VERSION = 5.0;
				TARGETED_DEVICE_FAMILY = "1,2";
			};
			name = Release;
		};
/* End XCBuildConfiguration section */

/* Begin XCConfigurationList section */
		86F687A02DD355D90013ED8D /* Build configuration list for PBXProject "Card" */ = {
			isa = XCConfigurationList;
			buildConfigurations = (
				86F687B12DD355DB0013ED8D /* Debug */,
				86F687B22DD355DB0013ED8D /* Release */,
			);
			defaultConfigurationIsVisible = 0;
			defaultConfigurationName = Release;
		};
		86F687B32DD355DB0013ED8D /* Build configuration list for PBXNativeTarget "Card" */ = {
			isa = XCConfigurationList;
			buildConfigurations = (
				86F687B42DD355DB0013ED8D /* Debug */,
				86F687B52DD355DB0013ED8D /* Release */,
			);
			defaultConfigurationIsVisible = 0;
			defaultConfigurationName = Release;
		};
/* End XCConfigurationList section */
	};
	rootObject = 86F6879D2DD355D90013ED8D /* Project object */;
}
